{
    "name": "@creative-tim-official/argon-dashboard-free",
    "version": "1.2.0",
    "lockfileVersion": 1,
    "requires": true,
    "dependencies": {
        "mdbootstrap": {
            "version": "4.20.0",
            "resolved": "https://registry.npmjs.org/mdbootstrap/-/mdbootstrap-4.20.0.tgz",
            "integrity": "sha512-eIxaYsvHct2BKqkJWphh6j7nFQXHh9NjbbN7a+dctfrVsKaydNW5XpKIxmq2tDSb9+XYGm9hK7hMTlHgeV6wdw=="
        }
    }
}
